
Microsoft Visual Studio Solution File, Format Version 12.00
Project("{FAE04EC0-301F-11D3-BF4B-00C04F79EFBC}") = "eCommerce.API", "eCommerce.API\eCommerce.API.csproj", "{0F6FE666-E9FE-4A15-9B3D-30B7E0FC3A5D}"
EndProject
Project("{FAE04EC0-301F-11D3-BF4B-00C04F79EFBC}") = "DataAccessLayer", "DataAccessLayer\DataAccessLayer.csproj", "{3A4C6F35-0180-4D23-BCFA-E121E3150725}"
EndProject
Project("{FAE04EC0-301F-11D3-BF4B-00C04F79EFBC}") = "BusinessLogicLayer", "BusinessLogicLayer\BusinessLogicLayer.csproj", "{B42C9424-8B4A-4898-81D2-3381526C20D6}"
EndProject
Global
	GlobalSection(SolutionConfigurationPlatforms) = preSolution
		Debug|Any CPU = Debug|Any CPU
		Release|Any CPU = Release|Any CPU
	EndGlobalSection
	GlobalSection(ProjectConfigurationPlatforms) = postSolution
		{0F6FE666-E9FE-4A15-9B3D-30B7E0FC3A5D}.Debug|Any CPU.ActiveCfg = Debug|Any CPU
		{0F6FE666-E9FE-4A15-9B3D-30B7E0FC3A5D}.Debug|Any CPU.Build.0 = Debug|Any CPU
		{0F6FE666-E9FE-4A15-9B3D-30B7E0FC3A5D}.Release|Any CPU.ActiveCfg = Release|Any CPU
		{0F6FE666-E9FE-4A15-9B3D-30B7E0FC3A5D}.Release|Any CPU.Build.0 = Release|Any CPU
		{3A4C6F35-0180-4D23-BCFA-E121E3150725}.Debug|Any CPU.ActiveCfg = Debug|Any CPU
		{3A4C6F35-0180-4D23-BCFA-E121E3150725}.Debug|Any CPU.Build.0 = Debug|Any CPU
		{3A4C6F35-0180-4D23-BCFA-E121E3150725}.Release|Any CPU.ActiveCfg = Release|Any CPU
		{3A4C6F35-0180-4D23-BCFA-E121E3150725}.Release|Any CPU.Build.0 = Release|Any CPU
		{B42C9424-8B4A-4898-81D2-3381526C20D6}.Debug|Any CPU.ActiveCfg = Debug|Any CPU
		{B42C9424-8B4A-4898-81D2-3381526C20D6}.Debug|Any CPU.Build.0 = Debug|Any CPU
		{B42C9424-8B4A-4898-81D2-3381526C20D6}.Release|Any CPU.ActiveCfg = Release|Any CPU
		{B42C9424-8B4A-4898-81D2-3381526C20D6}.Release|Any CPU.Build.0 = Release|Any CPU
	EndGlobalSection
EndGlobal
